{
  "version": 4,
  "terraform_version": "1.4.2",
  "serial": 241,
  "lineage": "f15d47a9-01c7-d640-59c6-87a3af604a3f",
  "outputs": {
    "guest_name": {
      "value": [
        [
          "testing_win10_0",
          "testing_win10_1",
          "testing_win10_2",
          "testing_win10_3",
          "testing_win10_4",
          "testing_win10_5",
          "testing_win2022_0"
        ]
      ],
      "type": [
        "tuple",
        [
          [
            "tuple",
            [
              "string",
              "string",
              "string",
              "string",
              "string",
              "string",
              "string"
            ]
          ]
        ]
      ]
    },
    "ipaddress": {
      "value": [
        "169.254.101.199",
        "169.254.182.118",
        "169.254.172.50",
        "169.254.87.216",
        "169.254.139.54",
        "169.254.204.150",
        "169.254.27.25"
      ],
      "type": [
        "tuple",
        [
          "string",
          "string",
          "string",
          "string",
          "string",
          "string",
          "string"
        ]
      ]
    }
  },
  "resources": [
    {
      "mode": "managed",
      "type": "esxi_guest",
      "name": "Windows_10",
      "provider": "provider[\"registry.terraform.io/josenk/esxi\"]",
      "instances": [
        {
          "index_key": 0,
          "schema_version": 0,
          "attributes": {
            "boot_disk_size": null,
            "boot_disk_type": "thin",
            "boot_firmware": "bios",
            "clone_from_vm": null,
            "disk_store": "datastore1",
            "guest_name": "testing_win10_0",
            "guest_shutdown_timeout": 20,
            "guest_startup_timeout": 120,
            "guestinfo": null,
            "guestos": "windows9-64",
            "host_ovf": null,
            "id": "222",
            "ip_address": "169.254.101.199",
            "memsize": "2048",
            "network_interfaces": [
              {
                "mac_address": "",
                "nic_type": "e1000e",
                "virtual_network": "deployed-portgroup"
              }
            ],
            "notes": "",
            "numvcpus": "2",
            "ovf_properties": [],
            "ovf_properties_timer": 90,
            "ovf_source": "..\\Packer\\Win10\\output-Win10_base\\Win10_1809.ovf",
            "power": "on",
            "resource_pool_name": "/",
            "virthwver": "14",
            "virtual_disks": []
          },
          "sensitive_attributes": [],
          "private": "bnVsbA==",
          "dependencies": [
            "esxi_portgroup.deployed-portgroup",
            "esxi_vswitch.deployed-vswitch"
          ]
        },
        {
          "index_key": 1,
          "schema_version": 0,
          "attributes": {
            "boot_disk_size": null,
            "boot_disk_type": "thin",
            "boot_firmware": "bios",
            "clone_from_vm": null,
            "disk_store": "datastore1",
            "guest_name": "testing_win10_1",
            "guest_shutdown_timeout": 20,
            "guest_startup_timeout": 120,
            "guestinfo": null,
            "guestos": "windows9-64",
            "host_ovf": null,
            "id": "221",
            "ip_address": "169.254.182.118",
            "memsize": "2048",
            "network_interfaces": [
              {
                "mac_address": "",
                "nic_type": "e1000e",
                "virtual_network": "deployed-portgroup"
              }
            ],
            "notes": "",
            "numvcpus": "2",
            "ovf_properties": [],
            "ovf_properties_timer": 90,
            "ovf_source": "..\\Packer\\Win10\\output-Win10_base\\Win10_1809.ovf",
            "power": "on",
            "resource_pool_name": "/",
            "virthwver": "14",
            "virtual_disks": []
          },
          "sensitive_attributes": [],
          "private": "bnVsbA==",
          "dependencies": [
            "esxi_portgroup.deployed-portgroup",
            "esxi_vswitch.deployed-vswitch"
          ]
        },
        {
          "index_key": 2,
          "schema_version": 0,
          "attributes": {
            "boot_disk_size": null,
            "boot_disk_type": "thin",
            "boot_firmware": "bios",
            "clone_from_vm": null,
            "disk_store": "datastore1",
            "guest_name": "testing_win10_2",
            "guest_shutdown_timeout": 20,
            "guest_startup_timeout": 120,
            "guestinfo": null,
            "guestos": "windows9-64",
            "host_ovf": null,
            "id": "219",
            "ip_address": "169.254.172.50",
            "memsize": "2048",
            "network_interfaces": [
              {
                "mac_address": "",
                "nic_type": "e1000e",
                "virtual_network": "deployed-portgroup"
              }
            ],
            "notes": "",
            "numvcpus": "2",
            "ovf_properties": [],
            "ovf_properties_timer": 90,
            "ovf_source": "..\\Packer\\Win10\\output-Win10_base\\Win10_1809.ovf",
            "power": "on",
            "resource_pool_name": "/",
            "virthwver": "14",
            "virtual_disks": []
          },
          "sensitive_attributes": [],
          "private": "bnVsbA==",
          "dependencies": [
            "esxi_portgroup.deployed-portgroup",
            "esxi_vswitch.deployed-vswitch"
          ]
        },
        {
          "index_key": 3,
          "schema_version": 0,
          "attributes": {
            "boot_disk_size": null,
            "boot_disk_type": "thin",
            "boot_firmware": "bios",
            "clone_from_vm": null,
            "disk_store": "datastore1",
            "guest_name": "testing_win10_3",
            "guest_shutdown_timeout": 20,
            "guest_startup_timeout": 120,
            "guestinfo": null,
            "guestos": "windows9-64",
            "host_ovf": null,
            "id": "220",
            "ip_address": "169.254.87.216",
            "memsize": "2048",
            "network_interfaces": [
              {
                "mac_address": "",
                "nic_type": "e1000e",
                "virtual_network": "deployed-portgroup"
              }
            ],
            "notes": "",
            "numvcpus": "2",
            "ovf_properties": [],
            "ovf_properties_timer": 90,
            "ovf_source": "..\\Packer\\Win10\\output-Win10_base\\Win10_1809.ovf",
            "power": "on",
            "resource_pool_name": "/",
            "virthwver": "14",
            "virtual_disks": []
          },
          "sensitive_attributes": [],
          "private": "bnVsbA==",
          "dependencies": [
            "esxi_portgroup.deployed-portgroup",
            "esxi_vswitch.deployed-vswitch"
          ]
        },
        {
          "index_key": 4,
          "schema_version": 0,
          "attributes": {
            "boot_disk_size": null,
            "boot_disk_type": "thin",
            "boot_firmware": "bios",
            "clone_from_vm": null,
            "disk_store": "datastore1",
            "guest_name": "testing_win10_4",
            "guest_shutdown_timeout": 20,
            "guest_startup_timeout": 120,
            "guestinfo": null,
            "guestos": "windows9-64",
            "host_ovf": null,
            "id": "223",
            "ip_address": "169.254.139.54",
            "memsize": "2048",
            "network_interfaces": [
              {
                "mac_address": "",
                "nic_type": "e1000e",
                "virtual_network": "deployed-portgroup"
              }
            ],
            "notes": "",
            "numvcpus": "2",
            "ovf_properties": [],
            "ovf_properties_timer": 90,
            "ovf_source": "..\\Packer\\Win10\\output-Win10_base\\Win10_1809.ovf",
            "power": "on",
            "resource_pool_name": "/",
            "virthwver": "14",
            "virtual_disks": []
          },
          "sensitive_attributes": [],
          "private": "bnVsbA==",
          "dependencies": [
            "esxi_portgroup.deployed-portgroup",
            "esxi_vswitch.deployed-vswitch"
          ]
        },
        {
          "index_key": 5,
          "schema_version": 0,
          "attributes": {
            "boot_disk_size": null,
            "boot_disk_type": "thin",
            "boot_firmware": "bios",
            "clone_from_vm": null,
            "disk_store": "datastore1",
            "guest_name": "testing_win10_5",
            "guest_shutdown_timeout": 20,
            "guest_startup_timeout": 120,
            "guestinfo": null,
            "guestos": "windows9-64",
            "host_ovf": null,
            "id": "218",
            "ip_address": "169.254.204.150",
            "memsize": "2048",
            "network_interfaces": [
              {
                "mac_address": "",
                "nic_type": "e1000e",
                "virtual_network": "deployed-portgroup"
              }
            ],
            "notes": "",
            "numvcpus": "2",
            "ovf_properties": [],
            "ovf_properties_timer": 90,
            "ovf_source": "..\\Packer\\Win10\\output-Win10_base\\Win10_1809.ovf",
            "power": "on",
            "resource_pool_name": "/",
            "virthwver": "14",
            "virtual_disks": []
          },
          "sensitive_attributes": [],
          "private": "bnVsbA==",
          "dependencies": [
            "esxi_portgroup.deployed-portgroup",
            "esxi_vswitch.deployed-vswitch"
          ]
        }
      ]
    },
    {
      "mode": "managed",
      "type": "esxi_guest",
      "name": "Windows_Server_2022",
      "provider": "provider[\"registry.terraform.io/josenk/esxi\"]",
      "instances": [
        {
          "index_key": 0,
          "schema_version": 0,
          "attributes": {
            "boot_disk_size": null,
            "boot_disk_type": "thin",
            "boot_firmware": "bios",
            "clone_from_vm": null,
            "disk_store": "datastore1",
            "guest_name": "testing_win2022_0",
            "guest_shutdown_timeout": 20,
            "guest_startup_timeout": 120,
            "guestinfo": null,
            "guestos": "other",
            "host_ovf": null,
            "id": "217",
            "ip_address": "169.254.27.25",
            "memsize": "2048",
            "network_interfaces": [
              {
                "mac_address": "",
                "nic_type": "e1000e",
                "virtual_network": "deployed-portgroup"
              }
            ],
            "notes": "",
            "numvcpus": "2",
            "ovf_properties": [],
            "ovf_properties_timer": 90,
            "ovf_source": "..\\Packer\\Win2022\\output-win2022_base\\Win2022_20324_test.ovf",
            "power": "on",
            "resource_pool_name": "/",
            "virthwver": "14",
            "virtual_disks": []
          },
          "sensitive_attributes": [],
          "private": "bnVsbA==",
          "dependencies": [
            "esxi_portgroup.deployed-portgroup",
            "esxi_vswitch.deployed-vswitch"
          ]
        }
      ]
    },
    {
      "mode": "managed",
      "type": "esxi_portgroup",
      "name": "deployed-portgroup",
      "provider": "provider[\"registry.terraform.io/josenk/esxi\"]",
      "instances": [
        {
          "schema_version": 0,
          "attributes": {
            "forged_transmits": null,
            "id": "deployed-portgroup",
            "mac_changes": null,
            "name": "deployed-portgroup",
            "promiscuous_mode": null,
            "vlan": 0,
            "vswitch": "deployed-vswitch"
          },
          "sensitive_attributes": [],
          "private": "bnVsbA==",
          "dependencies": [
            "esxi_vswitch.deployed-vswitch"
          ]
        }
      ]
    },
    {
      "mode": "managed",
      "type": "esxi_vswitch",
      "name": "deployed-vswitch",
      "provider": "provider[\"registry.terraform.io/josenk/esxi\"]",
      "instances": [
        {
          "schema_version": 0,
          "attributes": {
            "forged_transmits": false,
            "id": "deployed-vswitch",
            "link_discovery_mode": "listen",
            "mac_changes": false,
            "mtu": 1500,
            "name": "deployed-vswitch",
            "ports": 128,
            "promiscuous_mode": false,
            "uplink": [
              {
                "name": "vmnic2"
              }
            ]
          },
          "sensitive_attributes": [],
          "private": "bnVsbA=="
        }
      ]
    }
  ],
  "check_results": null
}
